
Microsoft Visual Studio Solution File, Format Version 12.00
# Visual Studio Version 16
VisualStudioVersion = 16.0.30503.244
MinimumVisualStudioVersion = 10.0.40219.1
Project("{FAE04EC0-301F-11D3-BF4B-00C04F79EFBC}") = "AssemblyOneOfProject", "AssemblyOneOfProject\AssemblyOneOfProject.csproj", "{2EDC9CD9-FB2A-41EB-9191-34521EC51F7A}"
EndProject
Project("{FAE04EC0-301F-11D3-BF4B-00C04F79EFBC}") = "AnotherAssembly", "AnotherAssembly\AnotherAssembly.csproj", "{453FAD46-B601-40B8-9C12-F975821B99FD}"
EndProject
Global
	GlobalSection(SolutionConfigurationPlatforms) = preSolution
		Debug|Any CPU = Debug|Any CPU
		Release|Any CPU = Release|Any CPU
	EndGlobalSection
	GlobalSection(ProjectConfigurationPlatforms) = postSolution
		{2EDC9CD9-FB2A-41EB-9191-34521EC51F7A}.Debug|Any CPU.ActiveCfg = Debug|Any CPU
		{2EDC9CD9-FB2A-41EB-9191-34521EC51F7A}.Debug|Any CPU.Build.0 = Debug|Any CPU
		{2EDC9CD9-FB2A-41EB-9191-34521EC51F7A}.Release|Any CPU.ActiveCfg = Release|Any CPU
		{2EDC9CD9-FB2A-41EB-9191-34521EC51F7A}.Release|Any CPU.Build.0 = Release|Any CPU
		{453FAD46-B601-40B8-9C12-F975821B99FD}.Debug|Any CPU.ActiveCfg = Debug|Any CPU
		{453FAD46-B601-40B8-9C12-F975821B99FD}.Debug|Any CPU.Build.0 = Debug|Any CPU
		{453FAD46-B601-40B8-9C12-F975821B99FD}.Release|Any CPU.ActiveCfg = Release|Any CPU
		{453FAD46-B601-40B8-9C12-F975821B99FD}.Release|Any CPU.Build.0 = Release|Any CPU
	EndGlobalSection
	GlobalSection(SolutionProperties) = preSolution
		HideSolutionNode = FALSE
	EndGlobalSection
	GlobalSection(ExtensibilityGlobals) = postSolution
		SolutionGuid = {DBE9A4FC-3E11-4A90-9880-0875840F8630}
	EndGlobalSection
EndGlobal
